
Microsoft Visual Studio Solution File, Format Version 12.00
# Visual Studio 15
VisualStudioVersion = 15.0.27703.2000
MinimumVisualStudioVersion = 10.0.40219.1
Project("{FAE04EC0-301F-11D3-BF4B-00C04F79EFBC}") = "EnumerationExemple", "EnumerationExemple\EnumerationExemple.csproj", "{65BA73F8-B080-46F4-9DE8-44007EBBDDC3}"
EndProject
Global
	GlobalSection(SolutionConfigurationPlatforms) = preSolution
		Debug|Any CPU = Debug|Any CPU
		Release|Any CPU = Release|Any CPU
	EndGlobalSection
	GlobalSection(ProjectConfigurationPlatforms) = postSolution
		{65BA73F8-B080-46F4-9DE8-44007EBBDDC3}.Debug|Any CPU.ActiveCfg = Debug|Any CPU
		{65BA73F8-B080-46F4-9DE8-44007EBBDDC3}.Debug|Any CPU.Build.0 = Debug|Any CPU
		{65BA73F8-B080-46F4-9DE8-44007EBBDDC3}.Release|Any CPU.ActiveCfg = Release|Any CPU
		{65BA73F8-B080-46F4-9DE8-44007EBBDDC3}.Release|Any CPU.Build.0 = Release|Any CPU
	EndGlobalSection
	GlobalSection(SolutionProperties) = preSolution
		HideSolutionNode = FALSE
	EndGlobalSection
	GlobalSection(ExtensibilityGlobals) = postSolution
		SolutionGuid = {FC3878E4-121A-4530-A27B-3EAD234EC270}
	EndGlobalSection
EndGlobal
